{
  "object": {
    "pins": [
      {
        "package": "Socket",
        "repositoryURL": "https://github.com/IBM-Swift/BlueSocket",
        "state": {
          "branch": null,
          "revision": "49cab699e9f151eeb870ab93d14642425e824c19",
          "version": "1.0.49"
        }
      },
      {
        "package": "nio-websocket-client",
        "repositoryURL": "https://github.com/vapor/nio-websocket-client",
        "state": {
          "branch": null,
          "revision": "e24870ba2350b613e71322caf79d138e139819df",
          "version": null
        }
      },
      {
        "package": "swift-nio",
        "repositoryURL": "https://github.com/apple/swift-nio.git",
        "state": {
          "branch": null,
          "revision": "32760eae40e6b7cb81d4d543bb0a9f548356d9a2",
          "version": "2.7.1"
        }
      },
      {
        "package": "swift-nio-ssl",
        "repositoryURL": "https://github.com/apple/swift-nio-ssl.git",
        "state": {
          "branch": null,
          "revision": "f5dd7a60ff56f501ff7bf9be753e4b1875bfaf20",
          "version": "2.4.0"
        }
      }
    ]
  },
  "version": 1
}
